// !$*UTF8*$!
{
	archiveVersion = 1;
	classes = {
	};
	objectVersion = 55;
	objects = {

/* Begin PBXBuildFile section */
		841C82BF286C9A5500E4E710 /* AppDelegate.swift in Sources */ = {isa = PBXBuildFile; fileRef = 841C82BE286C9A5500E4E710 /* AppDelegate.swift */; };
		841C82C1286C9A5500E4E710 /* SceneDelegate.swift in Sources */ = {isa = PBXBuildFile; fileRef = 841C82C0286C9A5500E4E710 /* SceneDelegate.swift */; };
		841C82C9286C9A5500E4E710 /* social_network.xcdatamodeld in Sources */ = {isa = PBXBuildFile; fileRef = 841C82C7286C9A5500E4E710 /* social_network.xcdatamodeld */; };
		841C82CB286C9A5700E4E710 /* Assets.xcassets in Resources */ = {isa = PBXBuildFile; fileRef = 841C82CA286C9A5700E4E710 /* Assets.xcassets */; };
		841C82CE286C9A5700E4E710 /* LaunchScreen.storyboard in Resources */ = {isa = PBXBuildFile; fileRef = 841C82CC286C9A5700E4E710 /* LaunchScreen.storyboard */; };
		841C82DD286CDF0D00E4E710 /* GoogleService-Info.plist in Resources */ = {isa = PBXBuildFile; fileRef = 841C82DC286CDF0D00E4E710 /* GoogleService-Info.plist */; };
		841C8317286D5BB100E4E710 /* EncodableExtension.swift in Sources */ = {isa = PBXBuildFile; fileRef = 841C8309286D5BB100E4E710 /* EncodableExtension.swift */; };
		841C8318286D5BB100E4E710 /* FirebaseManager.swift in Sources */ = {isa = PBXBuildFile; fileRef = 841C830D286D5BB100E4E710 /* FirebaseManager.swift */; };
		841C831A286D5BB100E4E710 /* User.swift in Sources */ = {isa = PBXBuildFile; fileRef = 841C8310286D5BB100E4E710 /* User.swift */; };
		841C831B286D5BB100E4E710 /* BaseModel.swift in Sources */ = {isa = PBXBuildFile; fileRef = 841C8311286D5BB100E4E710 /* BaseModel.swift */; };
		849E443B287E6AD80052E7A3 /* ErrorHandler.swift in Sources */ = {isa = PBXBuildFile; fileRef = 849E443A287E6AD80052E7A3 /* ErrorHandler.swift */; };
		849E4443287EF4610052E7A3 /* Post.swift in Sources */ = {isa = PBXBuildFile; fileRef = 849E4442287EF4610052E7A3 /* Post.swift */; };
		849E44552880D3010052E7A3 /* Main.storyboard in Resources */ = {isa = PBXBuildFile; fileRef = 849E44542880D3000052E7A3 /* Main.storyboard */; };
		849E445C2880E9F20052E7A3 /* LoginViewController.swift in Sources */ = {isa = PBXBuildFile; fileRef = 849E445A2880E9F20052E7A3 /* LoginViewController.swift */; };
		849E445D2880E9F20052E7A3 /* LoginViewController.xib in Resources */ = {isa = PBXBuildFile; fileRef = 849E445B2880E9F20052E7A3 /* LoginViewController.xib */; };
		849E44602880F4050052E7A3 /* HomeViewController.swift in Sources */ = {isa = PBXBuildFile; fileRef = 849E445E2880F4050052E7A3 /* HomeViewController.swift */; };
		849E44612880F4050052E7A3 /* HomeViewController.xib in Resources */ = {isa = PBXBuildFile; fileRef = 849E445F2880F4050052E7A3 /* HomeViewController.xib */; };
		849E44662880F4690052E7A3 /* FriendsViewController.swift in Sources */ = {isa = PBXBuildFile; fileRef = 849E44642880F4690052E7A3 /* FriendsViewController.swift */; };
		849E44672880F4690052E7A3 /* FriendsViewController.xib in Resources */ = {isa = PBXBuildFile; fileRef = 849E44652880F4690052E7A3 /* FriendsViewController.xib */; };
		849E446B2880F4840052E7A3 /* ChatViewController.swift in Sources */ = {isa = PBXBuildFile; fileRef = 849E44692880F4840052E7A3 /* ChatViewController.swift */; };
		849E446C2880F4840052E7A3 /* ChatViewController.xib in Resources */ = {isa = PBXBuildFile; fileRef = 849E446A2880F4840052E7A3 /* ChatViewController.xib */; };
		849E44732880F4D80052E7A3 /* FaqsViewController.swift in Sources */ = {isa = PBXBuildFile; fileRef = 849E44712880F4D80052E7A3 /* FaqsViewController.swift */; };
		849E44742880F4D80052E7A3 /* FaqsViewController.xib in Resources */ = {isa = PBXBuildFile; fileRef = 849E44722880F4D80052E7A3 /* FaqsViewController.xib */; };
		849E4477288103AC0052E7A3 /* FloatingActionButton.swift in Sources */ = {isa = PBXBuildFile; fileRef = 849E4476288103AC0052E7A3 /* FloatingActionButton.swift */; };
		849E447B2881089B0052E7A3 /* PostTableViewCell.swift in Sources */ = {isa = PBXBuildFile; fileRef = 849E44792881089B0052E7A3 /* PostTableViewCell.swift */; };
		849E447C2881089B0052E7A3 /* PostTableViewCell.xib in Resources */ = {isa = PBXBuildFile; fileRef = 849E447A2881089B0052E7A3 /* PostTableViewCell.xib */; };
		849E447F288114130052E7A3 /* ImageManager.swift in Sources */ = {isa = PBXBuildFile; fileRef = 849E447E288114130052E7A3 /* ImageManager.swift */; };
		849E448128811F5F0052E7A3 /* HomeViewModel.swift in Sources */ = {isa = PBXBuildFile; fileRef = 849E448028811F5F0052E7A3 /* HomeViewModel.swift */; };
		84A22668287B8AFE001F3881 /* FirebaseAuthManager.swift in Sources */ = {isa = PBXBuildFile; fileRef = 84A22667287B8AFE001F3881 /* FirebaseAuthManager.swift */; };
		84A2266A287B934F001F3881 /* ErrorEnum.swift in Sources */ = {isa = PBXBuildFile; fileRef = 84A22669287B934F001F3881 /* ErrorEnum.swift */; };
		84A2266C287BA955001F3881 /* FirebaseUserManager.swift in Sources */ = {isa = PBXBuildFile; fileRef = 84A2266B287BA955001F3881 /* FirebaseUserManager.swift */; };
		84A2267B287E4738001F3881 /* LoginViewModel.swift in Sources */ = {isa = PBXBuildFile; fileRef = 84A2267A287E4738001F3881 /* LoginViewModel.swift */; };
		84A22682287E5470001F3881 /* SignUpView.xib in Resources */ = {isa = PBXBuildFile; fileRef = 84A22681287E5470001F3881 /* SignUpView.xib */; };
		84A22684287E5656001F3881 /* SignUpViewController.swift in Sources */ = {isa = PBXBuildFile; fileRef = 84A22683287E5656001F3881 /* SignUpViewController.swift */; };
		84C37095288A586800B930E5 /* UserPostsViewController.swift in Sources */ = {isa = PBXBuildFile; fileRef = 84C37093288A586800B930E5 /* UserPostsViewController.swift */; };
		84C37096288A586800B930E5 /* UserPostsViewController.xib in Resources */ = {isa = PBXBuildFile; fileRef = 84C37094288A586800B930E5 /* UserPostsViewController.xib */; };
		84C370AE288F521D00B930E5 /* UserPostsViewModel.swift in Sources */ = {isa = PBXBuildFile; fileRef = 84C370AD288F521D00B930E5 /* UserPostsViewModel.swift */; };
		84C370B6289015C100B930E5 /* UserListTableViewCell.swift in Sources */ = {isa = PBXBuildFile; fileRef = 84C370B4289015C100B930E5 /* UserListTableViewCell.swift */; };
		84C370B7289015C100B930E5 /* UserListTableViewCell.xib in Resources */ = {isa = PBXBuildFile; fileRef = 84C370B5289015C100B930E5 /* UserListTableViewCell.xib */; };
		84C370C02890B4B300B930E5 /* SearchFriendsViewController.swift in Sources */ = {isa = PBXBuildFile; fileRef = 84C370BE2890B4B300B930E5 /* SearchFriendsViewController.swift */; };
		84C370C12890B4B300B930E5 /* SearchFriendsViewController.xib in Resources */ = {isa = PBXBuildFile; fileRef = 84C370BF2890B4B300B930E5 /* SearchFriendsViewController.xib */; };
		84C370C32890B68D00B930E5 /* SearchFriendsViewModel.swift in Sources */ = {isa = PBXBuildFile; fileRef = 84C370C22890B68D00B930E5 /* SearchFriendsViewModel.swift */; };
		84C370CA2890ECF400B930E5 /* PublicProfileViewController.swift in Sources */ = {isa = PBXBuildFile; fileRef = 84C370C82890ECF400B930E5 /* PublicProfileViewController.swift */; };
		84C370CB2890ECF400B930E5 /* PublicProfileViewController.xib in Resources */ = {isa = PBXBuildFile; fileRef = 84C370C92890ECF400B930E5 /* PublicProfileViewController.xib */; };
		84C370CD2890ED5200B930E5 /* PublicProfileViewModel.swift in Sources */ = {isa = PBXBuildFile; fileRef = 84C370CC2890ED5200B930E5 /* PublicProfileViewModel.swift */; };
		84C370CF289735DC00B930E5 /* FriendRequestStatus.swift in Sources */ = {isa = PBXBuildFile; fileRef = 84C370CE289735DC00B930E5 /* FriendRequestStatus.swift */; };
		84C370D12897375900B930E5 /* FriendRequest.swift in Sources */ = {isa = PBXBuildFile; fileRef = 84C370D02897375900B930E5 /* FriendRequest.swift */; };
		84C370D428977E0F00B930E5 /* FriendsViewModel.swift in Sources */ = {isa = PBXBuildFile; fileRef = 84C370D328977E0F00B930E5 /* FriendsViewModel.swift */; };
		84D00E382885A6EC00B0CA9B /* FirebaseAuth in Frameworks */ = {isa = PBXBuildFile; productRef = 84D00E372885A6EC00B0CA9B /* FirebaseAuth */; };
		84D00E3A2885A6EC00B0CA9B /* FirebaseFirestoreSwift in Frameworks */ = {isa = PBXBuildFile; productRef = 84D00E392885A6EC00B0CA9B /* FirebaseFirestoreSwift */; };
		84D00E3C2885A6EC00B0CA9B /* FirebaseStorage in Frameworks */ = {isa = PBXBuildFile; productRef = 84D00E3B2885A6EC00B0CA9B /* FirebaseStorage */; };
		84D00E3E28864DF400B0CA9B /* DateExtension.swift in Sources */ = {isa = PBXBuildFile; fileRef = 84D00E3D28864DF400B0CA9B /* DateExtension.swift */; };
		84D00E4528865A9A00B0CA9B /* PostDetailViewController.swift in Sources */ = {isa = PBXBuildFile; fileRef = 84D00E4328865A9A00B0CA9B /* PostDetailViewController.swift */; };
		84D00E4628865A9A00B0CA9B /* PostDetailViewController.xib in Resources */ = {isa = PBXBuildFile; fileRef = 84D00E4428865A9A00B0CA9B /* PostDetailViewController.xib */; };
		84D00E49288758B400B0CA9B /* CategoriesEnum.swift in Sources */ = {isa = PBXBuildFile; fileRef = 84D00E48288758B400B0CA9B /* CategoriesEnum.swift */; };
		84D00E4B2887645B00B0CA9B /* PostDetailViewModel.swift in Sources */ = {isa = PBXBuildFile; fileRef = 84D00E4A2887645B00B0CA9B /* PostDetailViewModel.swift */; };
		84D00E4D2888293100B0CA9B /* DeviceImageViewController.swift in Sources */ = {isa = PBXBuildFile; fileRef = 84D00E4C2888293100B0CA9B /* DeviceImageViewController.swift */; };
		E7C6ED571B0BCC5FC2451921 /* Pods_social_network.framework in Frameworks */ = {isa = PBXBuildFile; fileRef = 3AB45368B2B4BC8CE8EB848D /* Pods_social_network.framework */; };
/* End PBXBuildFile section */

/* Begin PBXFileReference section */
		1DEB1B5403455118C1C71435 /* Pods-social_network.release.xcconfig */ = {isa = PBXFileReference; includeInIndex = 1; lastKnownFileType = text.xcconfig; name = "Pods-social_network.release.xcconfig"; path = "Target Support Files/Pods-social_network/Pods-social_network.release.xcconfig"; sourceTree = "<group>"; };
		3AB45368B2B4BC8CE8EB848D /* Pods_social_network.framework */ = {isa = PBXFileReference; explicitFileType = wrapper.framework; includeInIndex = 0; path = Pods_social_network.framework; sourceTree = BUILT_PRODUCTS_DIR; };
		841C82BB286C9A5500E4E710 /* social_network.app */ = {isa = PBXFileReference; explicitFileType = wrapper.application; includeInIndex = 0; path = social_network.app; sourceTree = BUILT_PRODUCTS_DIR; };
		841C82BE286C9A5500E4E710 /* AppDelegate.swift */ = {isa = PBXFileReference; lastKnownFileType = sourcecode.swift; path = AppDelegate.swift; sourceTree = "<group>"; };
		841C82C0286C9A5500E4E710 /* SceneDelegate.swift */ = {isa = PBXFileReference; lastKnownFileType = sourcecode.swift; path = SceneDelegate.swift; sourceTree = "<group>"; };
		841C82C8286C9A5500E4E710 /* social_network.xcdatamodel */ = {isa = PBXFileReference; lastKnownFileType = wrapper.xcdatamodel; path = social_network.xcdatamodel; sourceTree = "<group>"; };
		841C82CA286C9A5700E4E710 /* Assets.xcassets */ = {isa = PBXFileReference; lastKnownFileType = folder.assetcatalog; path = Assets.xcassets; sourceTree = "<group>"; };
		841C82CD286C9A5700E4E710 /* Base */ = {isa = PBXFileReference; lastKnownFileType = file.storyboard; name = Base; path = Base.lproj/LaunchScreen.storyboard; sourceTree = "<group>"; };
		841C82CF286C9A5700E4E710 /* Info.plist */ = {isa = PBXFileReference; lastKnownFileType = text.plist.xml; path = Info.plist; sourceTree = "<group>"; };
		841C82DC286CDF0D00E4E710 /* GoogleService-Info.plist */ = {isa = PBXFileReference; fileEncoding = 4; lastKnownFileType = text.plist.xml; path = "GoogleService-Info.plist"; sourceTree = "<group>"; };
		841C8309286D5BB100E4E710 /* EncodableExtension.swift */ = {isa = PBXFileReference; fileEncoding = 4; lastKnownFileType = sourcecode.swift; path = EncodableExtension.swift; sourceTree = "<group>"; };
		841C830D286D5BB100E4E710 /* FirebaseManager.swift */ = {isa = PBXFileReference; fileEncoding = 4; lastKnownFileType = sourcecode.swift; path = FirebaseManager.swift; sourceTree = "<group>"; wrapsLines = 1; };
		841C8310286D5BB100E4E710 /* User.swift */ = {isa = PBXFileReference; fileEncoding = 4; lastKnownFileType = sourcecode.swift; path = User.swift; sourceTree = "<group>"; };
		841C8311286D5BB100E4E710 /* BaseModel.swift */ = {isa = PBXFileReference; fileEncoding = 4; lastKnownFileType = sourcecode.swift; path = BaseModel.swift; sourceTree = "<group>"; };
		849E443A287E6AD80052E7A3 /* ErrorHandler.swift */ = {isa = PBXFileReference; lastKnownFileType = sourcecode.swift; path = ErrorHandler.swift; sourceTree = "<group>"; };
		849E4442287EF4610052E7A3 /* Post.swift */ = {isa = PBXFileReference; lastKnownFileType = sourcecode.swift; path = Post.swift; sourceTree = "<group>"; };
		849E44542880D3000052E7A3 /* Main.storyboard */ = {isa = PBXFileReference; fileEncoding = 4; lastKnownFileType = file.storyboard; path = Main.storyboard; sourceTree = "<group>"; };
		849E445A2880E9F20052E7A3 /* LoginViewController.swift */ = {isa = PBXFileReference; lastKnownFileType = sourcecode.swift; path = LoginViewController.swift; sourceTree = "<group>"; };
		849E445B2880E9F20052E7A3 /* LoginViewController.xib */ = {isa = PBXFileReference; lastKnownFileType = file.xib; path = LoginViewController.xib; sourceTree = "<group>"; };
		849E445E2880F4050052E7A3 /* HomeViewController.swift */ = {isa = PBXFileReference; lastKnownFileType = sourcecode.swift; path = HomeViewController.swift; sourceTree = "<group>"; };
		849E445F2880F4050052E7A3 /* HomeViewController.xib */ = {isa = PBXFileReference; lastKnownFileType = file.xib; path = HomeViewController.xib; sourceTree = "<group>"; };
		849E44642880F4690052E7A3 /* FriendsViewController.swift */ = {isa = PBXFileReference; lastKnownFileType = sourcecode.swift; path = FriendsViewController.swift; sourceTree = "<group>"; };
		849E44652880F4690052E7A3 /* FriendsViewController.xib */ = {isa = PBXFileReference; lastKnownFileType = file.xib; path = FriendsViewController.xib; sourceTree = "<group>"; };
		849E44692880F4840052E7A3 /* ChatViewController.swift */ = {isa = PBXFileReference; lastKnownFileType = sourcecode.swift; path = ChatViewController.swift; sourceTree = "<group>"; };
		849E446A2880F4840052E7A3 /* ChatViewController.xib */ = {isa = PBXFileReference; lastKnownFileType = file.xib; path = ChatViewController.xib; sourceTree = "<group>"; };
		849E44712880F4D80052E7A3 /* FaqsViewController.swift */ = {isa = PBXFileReference; lastKnownFileType = sourcecode.swift; path = FaqsViewController.swift; sourceTree = "<group>"; };
		849E44722880F4D80052E7A3 /* FaqsViewController.xib */ = {isa = PBXFileReference; lastKnownFileType = file.xib; path = FaqsViewController.xib; sourceTree = "<group>"; };
		849E4476288103AC0052E7A3 /* FloatingActionButton.swift */ = {isa = PBXFileReference; lastKnownFileType = sourcecode.swift; path = FloatingActionButton.swift; sourceTree = "<group>"; };
		849E44792881089B0052E7A3 /* PostTableViewCell.swift */ = {isa = PBXFileReference; lastKnownFileType = sourcecode.swift; path = PostTableViewCell.swift; sourceTree = "<group>"; };
		849E447A2881089B0052E7A3 /* PostTableViewCell.xib */ = {isa = PBXFileReference; lastKnownFileType = file.xib; path = PostTableViewCell.xib; sourceTree = "<group>"; };
		849E447E288114130052E7A3 /* ImageManager.swift */ = {isa = PBXFileReference; lastKnownFileType = sourcecode.swift; path = ImageManager.swift; sourceTree = "<group>"; };
		849E448028811F5F0052E7A3 /* HomeViewModel.swift */ = {isa = PBXFileReference; lastKnownFileType = sourcecode.swift; path = HomeViewModel.swift; sourceTree = "<group>"; };
		84A22667287B8AFE001F3881 /* FirebaseAuthManager.swift */ = {isa = PBXFileReference; lastKnownFileType = sourcecode.swift; path = FirebaseAuthManager.swift; sourceTree = "<group>"; };
		84A22669287B934F001F3881 /* ErrorEnum.swift */ = {isa = PBXFileReference; lastKnownFileType = sourcecode.swift; path = ErrorEnum.swift; sourceTree = "<group>"; };
		84A2266B287BA955001F3881 /* FirebaseUserManager.swift */ = {isa = PBXFileReference; lastKnownFileType = sourcecode.swift; path = FirebaseUserManager.swift; sourceTree = "<group>"; };
		84A2267A287E4738001F3881 /* LoginViewModel.swift */ = {isa = PBXFileReference; lastKnownFileType = sourcecode.swift; path = LoginViewModel.swift; sourceTree = "<group>"; };
		84A22681287E5470001F3881 /* SignUpView.xib */ = {isa = PBXFileReference; lastKnownFileType = file.xib; path = SignUpView.xib; sourceTree = "<group>"; };
		84A22683287E5656001F3881 /* SignUpViewController.swift */ = {isa = PBXFileReference; lastKnownFileType = sourcecode.swift; path = SignUpViewController.swift; sourceTree = "<group>"; };
		84C37093288A586800B930E5 /* UserPostsViewController.swift */ = {isa = PBXFileReference; lastKnownFileType = sourcecode.swift; path = UserPostsViewController.swift; sourceTree = "<group>"; };
		84C37094288A586800B930E5 /* UserPostsViewController.xib */ = {isa = PBXFileReference; lastKnownFileType = file.xib; path = UserPostsViewController.xib; sourceTree = "<group>"; };
		84C370AD288F521D00B930E5 /* UserPostsViewModel.swift */ = {isa = PBXFileReference; lastKnownFileType = sourcecode.swift; path = UserPostsViewModel.swift; sourceTree = "<group>"; };
		84C370B4289015C100B930E5 /* UserListTableViewCell.swift */ = {isa = PBXFileReference; lastKnownFileType = sourcecode.swift; path = UserListTableViewCell.swift; sourceTree = "<group>"; };
		84C370B5289015C100B930E5 /* UserListTableViewCell.xib */ = {isa = PBXFileReference; lastKnownFileType = file.xib; path = UserListTableViewCell.xib; sourceTree = "<group>"; };
		84C370BE2890B4B300B930E5 /* SearchFriendsViewController.swift */ = {isa = PBXFileReference; lastKnownFileType = sourcecode.swift; path = SearchFriendsViewController.swift; sourceTree = "<group>"; };
		84C370BF2890B4B300B930E5 /* SearchFriendsViewController.xib */ = {isa = PBXFileReference; lastKnownFileType = file.xib; path = SearchFriendsViewController.xib; sourceTree = "<group>"; };
		84C370C22890B68D00B930E5 /* SearchFriendsViewModel.swift */ = {isa = PBXFileReference; lastKnownFileType = sourcecode.swift; path = SearchFriendsViewModel.swift; sourceTree = "<group>"; };
		84C370C82890ECF400B930E5 /* PublicProfileViewController.swift */ = {isa = PBXFileReference; lastKnownFileType = sourcecode.swift; path = PublicProfileViewController.swift; sourceTree = "<group>"; };
		84C370C92890ECF400B930E5 /* PublicProfileViewController.xib */ = {isa = PBXFileReference; lastKnownFileType = file.xib; path = PublicProfileViewController.xib; sourceTree = "<group>"; };
		84C370CC2890ED5200B930E5 /* PublicProfileViewModel.swift */ = {isa = PBXFileReference; lastKnownFileType = sourcecode.swift; path = PublicProfileViewModel.swift; sourceTree = "<group>"; };
		84C370CE289735DC00B930E5 /* FriendRequestStatus.swift */ = {isa = PBXFileReference; lastKnownFileType = sourcecode.swift; path = FriendRequestStatus.swift; sourceTree = "<group>"; };
		84C370D02897375900B930E5 /* FriendRequest.swift */ = {isa = PBXFileReference; lastKnownFileType = sourcecode.swift; path = FriendRequest.swift; sourceTree = "<group>"; };
		84C370D328977E0F00B930E5 /* FriendsViewModel.swift */ = {isa = PBXFileReference; lastKnownFileType = sourcecode.swift; path = FriendsViewModel.swift; sourceTree = "<group>"; };
		84D00E3D28864DF400B0CA9B /* DateExtension.swift */ = {isa = PBXFileReference; lastKnownFileType = sourcecode.swift; path = DateExtension.swift; sourceTree = "<group>"; };
		84D00E4328865A9A00B0CA9B /* PostDetailViewController.swift */ = {isa = PBXFileReference; lastKnownFileType = sourcecode.swift; path = PostDetailViewController.swift; sourceTree = "<group>"; };
		84D00E4428865A9A00B0CA9B /* PostDetailViewController.xib */ = {isa = PBXFileReference; lastKnownFileType = file.xib; path = PostDetailViewController.xib; sourceTree = "<group>"; };
		84D00E48288758B400B0CA9B /* CategoriesEnum.swift */ = {isa = PBXFileReference; lastKnownFileType = sourcecode.swift; path = CategoriesEnum.swift; sourceTree = "<group>"; };
		84D00E4A2887645B00B0CA9B /* PostDetailViewModel.swift */ = {isa = PBXFileReference; lastKnownFileType = sourcecode.swift; path = PostDetailViewModel.swift; sourceTree = "<group>"; };
		84D00E4C2888293100B0CA9B /* DeviceImageViewController.swift */ = {isa = PBXFileReference; lastKnownFileType = sourcecode.swift; path = DeviceImageViewController.swift; sourceTree = "<group>"; };
		C279B81BB0750A177C4A61C9 /* Pods-social_network.debug.xcconfig */ = {isa = PBXFileReference; includeInIndex = 1; lastKnownFileType = text.xcconfig; name = "Pods-social_network.debug.xcconfig"; path = "Target Support Files/Pods-social_network/Pods-social_network.debug.xcconfig"; sourceTree = "<group>"; };
/* End PBXFileReference section */

/* Begin PBXFrameworksBuildPhase section */
		841C82B8286C9A5500E4E710 /* Frameworks */ = {
			isa = PBXFrameworksBuildPhase;
			buildActionMask = 2147483647;
			files = (
				E7C6ED571B0BCC5FC2451921 /* Pods_social_network.framework in Frameworks */,
				84D00E3C2885A6EC00B0CA9B /* FirebaseStorage in Frameworks */,
				84D00E382885A6EC00B0CA9B /* FirebaseAuth in Frameworks */,
				84D00E3A2885A6EC00B0CA9B /* FirebaseFirestoreSwift in Frameworks */,
			);
			runOnlyForDeploymentPostprocessing = 0;
		};
/* End PBXFrameworksBuildPhase section */

/* Begin PBXGroup section */
		1A72C1658DDC39B58EB34014 /* Pods */ = {
			isa = PBXGroup;
			children = (
				C279B81BB0750A177C4A61C9 /* Pods-social_network.debug.xcconfig */,
				1DEB1B5403455118C1C71435 /* Pods-social_network.release.xcconfig */,
			);
			path = Pods;
			sourceTree = "<group>";
		};
		219EDB713D30D3E426CCF195 /* Frameworks */ = {
			isa = PBXGroup;
			children = (
				3AB45368B2B4BC8CE8EB848D /* Pods_social_network.framework */,
			);
			name = Frameworks;
			sourceTree = "<group>";
		};
		841C82B2286C9A5500E4E710 = {
			isa = PBXGroup;
			children = (
				841C82BD286C9A5500E4E710 /* social_network */,
				841C82BC286C9A5500E4E710 /* Products */,
				1A72C1658DDC39B58EB34014 /* Pods */,
				219EDB713D30D3E426CCF195 /* Frameworks */,
			);
			sourceTree = "<group>";
		};
		841C82BC286C9A5500E4E710 /* Products */ = {
			isa = PBXGroup;
			children = (
				841C82BB286C9A5500E4E710 /* social_network.app */,
			);
			name = Products;
			sourceTree = "<group>";
		};
		841C82BD286C9A5500E4E710 /* social_network */ = {
			isa = PBXGroup;
			children = (
				841C8305286D5BB100E4E710 /* modules */,
				841C830A286D5BB100E4E710 /* repository */,
				841C8306286D5BB100E4E710 /* utilities */,
				841C82BE286C9A5500E4E710 /* AppDelegate.swift */,
				849E44542880D3000052E7A3 /* Main.storyboard */,
				841C82C0286C9A5500E4E710 /* SceneDelegate.swift */,
				841C82CA286C9A5700E4E710 /* Assets.xcassets */,
				841C82CC286C9A5700E4E710 /* LaunchScreen.storyboard */,
				841C82CF286C9A5700E4E710 /* Info.plist */,
				841C82DC286CDF0D00E4E710 /* GoogleService-Info.plist */,
				841C82C7286C9A5500E4E710 /* social_network.xcdatamodeld */,
			);
			path = social_network;
			sourceTree = "<group>";
		};
		841C8305286D5BB100E4E710 /* modules */ = {
			isa = PBXGroup;
			children = (
				84C370C42890EC5200B930E5 /* userProfile */,
				84C3708F288A550A00B930E5 /* userPostList */,
				84D00E3F288654BC00B0CA9B /* postDetail */,
				849E446E2880F4A00052E7A3 /* faqs */,
				849E44682880F46F0052E7A3 /* chat */,
				849E44622880F4320052E7A3 /* friends */,
				84A2265C2877EF5E001F3881 /* home */,
				84A2267C287E5410001F3881 /* auth */,
			);
			path = modules;
			sourceTree = "<group>";
		};
		841C8306286D5BB100E4E710 /* utilities */ = {
			isa = PBXGroup;
			children = (
				849E447D288113EB0052E7A3 /* managers */,
				849E4475288103830052E7A3 /* views */,
				841C8308286D5BB100E4E710 /* extensions */,
				84D00E472887588A00B0CA9B /* helpers */,
			);
			path = utilities;
			sourceTree = "<group>";
		};
		841C8308286D5BB100E4E710 /* extensions */ = {
			isa = PBXGroup;
			children = (
				841C8309286D5BB100E4E710 /* EncodableExtension.swift */,
				84D00E3D28864DF400B0CA9B /* DateExtension.swift */,
			);
			path = extensions;
			sourceTree = "<group>";
		};
		841C830A286D5BB100E4E710 /* repository */ = {
			isa = PBXGroup;
			children = (
				841C830B286D5BB100E4E710 /* network */,
				841C830F286D5BB100E4E710 /* models */,
				841C8312286D5BB100E4E710 /* local */,
			);
			path = repository;
			sourceTree = "<group>";
		};
		841C830B286D5BB100E4E710 /* network */ = {
			isa = PBXGroup;
			children = (
				841C830C286D5BB100E4E710 /* managers */,
			);
			path = network;
			sourceTree = "<group>";
		};
		841C830C286D5BB100E4E710 /* managers */ = {
			isa = PBXGroup;
			children = (
				841C830D286D5BB100E4E710 /* FirebaseManager.swift */,
				84A22667287B8AFE001F3881 /* FirebaseAuthManager.swift */,
				84A2266B287BA955001F3881 /* FirebaseUserManager.swift */,
			);
			path = managers;
			sourceTree = "<group>";
		};
		841C830F286D5BB100E4E710 /* models */ = {
			isa = PBXGroup;
			children = (
				841C8310286D5BB100E4E710 /* User.swift */,
				841C8311286D5BB100E4E710 /* BaseModel.swift */,
				849E4442287EF4610052E7A3 /* Post.swift */,
				84C370D02897375900B930E5 /* FriendRequest.swift */,
			);
			path = models;
			sourceTree = "<group>";
		};
		841C8312286D5BB100E4E710 /* local */ = {
			isa = PBXGroup;
			children = (
				841C8313286D5BB100E4E710 /* managers */,
			);
			path = local;
			sourceTree = "<group>";
		};
		841C8313286D5BB100E4E710 /* managers */ = {
			isa = PBXGroup;
			children = (
				84A22669287B934F001F3881 /* ErrorEnum.swift */,
			);
			path = managers;
			sourceTree = "<group>";
		};
		843AEF1D28768C35007039DB /* login */ = {
			isa = PBXGroup;
			children = (
				843AEF2028768C94007039DB /* view */,
				843AEF1F28768C87007039DB /* controller */,
				843AEF1E28768C72007039DB /* viewModel */,
			);
			path = login;
			sourceTree = "<group>";
		};
		843AEF1E28768C72007039DB /* viewModel */ = {
			isa = PBXGroup;
			children = (
				84A2267A287E4738001F3881 /* LoginViewModel.swift */,
			);
			path = viewModel;
			sourceTree = "<group>";
		};
		843AEF1F28768C87007039DB /* controller */ = {
			isa = PBXGroup;
			children = (
				849E445A2880E9F20052E7A3 /* LoginViewController.swift */,
				849E445B2880E9F20052E7A3 /* LoginViewController.xib */,
			);
			path = controller;
			sourceTree = "<group>";
		};
		843AEF2028768C94007039DB /* view */ = {
			isa = PBXGroup;
			children = (
			);
			path = view;
			sourceTree = "<group>";
		};
		843AEF2228768D0F007039DB /* viewModel */ = {
			isa = PBXGroup;
			children = (
				849E448028811F5F0052E7A3 /* HomeViewModel.swift */,
			);
			path = viewModel;
			sourceTree = "<group>";
		};
		843AEF2328768D17007039DB /* controller */ = {
			isa = PBXGroup;
			children = (
				849E445E2880F4050052E7A3 /* HomeViewController.swift */,
				849E445F2880F4050052E7A3 /* HomeViewController.xib */,
			);
			path = controller;
			sourceTree = "<group>";
		};
		843AEF2428768D1F007039DB /* view */ = {
			isa = PBXGroup;
			children = (
				849E44782881084B0052E7A3 /* postTableCell */,
			);
			path = view;
			sourceTree = "<group>";
		};
		849E44622880F4320052E7A3 /* friends */ = {
			isa = PBXGroup;
			children = (
				84C370B0289014A500B930E5 /* searchFriends */,
				84C370B1289014BA00B930E5 /* userFriends */,
			);
			path = friends;
			sourceTree = "<group>";
		};
		849E44632880F44E0052E7A3 /* controller */ = {
			isa = PBXGroup;
			children = (
				849E44652880F4690052E7A3 /* FriendsViewController.xib */,
				849E44642880F4690052E7A3 /* FriendsViewController.swift */,
			);
			path = controller;
			sourceTree = "<group>";
		};
		849E44682880F46F0052E7A3 /* chat */ = {
			isa = PBXGroup;
			children = (
				849E446D2880F4920052E7A3 /* controller */,
			);
			path = chat;
			sourceTree = "<group>";
		};
		849E446D2880F4920052E7A3 /* controller */ = {
			isa = PBXGroup;
			children = (
				849E44692880F4840052E7A3 /* ChatViewController.swift */,
				849E446A2880F4840052E7A3 /* ChatViewController.xib */,
			);
			path = controller;
			sourceTree = "<group>";
		};
		849E446E2880F4A00052E7A3 /* faqs */ = {
			isa = PBXGroup;
			children = (
				849E446F2880F4B20052E7A3 /* controller */,
			);
			path = faqs;
			sourceTree = "<group>";
		};
		849E446F2880F4B20052E7A3 /* controller */ = {
			isa = PBXGroup;
			children = (
				849E44712880F4D80052E7A3 /* FaqsViewController.swift */,
				849E44722880F4D80052E7A3 /* FaqsViewController.xib */,
			);
			path = controller;
			sourceTree = "<group>";
		};
		849E4475288103830052E7A3 /* views */ = {
			isa = PBXGroup;
			children = (
				84C370B32890158400B930E5 /* userListViewCell */,
				849E4476288103AC0052E7A3 /* FloatingActionButton.swift */,
			);
			path = views;
			sourceTree = "<group>";
		};
		849E44782881084B0052E7A3 /* postTableCell */ = {
			isa = PBXGroup;
			children = (
				849E44792881089B0052E7A3 /* PostTableViewCell.swift */,
				849E447A2881089B0052E7A3 /* PostTableViewCell.xib */,
			);
			path = postTableCell;
			sourceTree = "<group>";
		};
		849E447D288113EB0052E7A3 /* managers */ = {
			isa = PBXGroup;
			children = (
				849E447E288114130052E7A3 /* ImageManager.swift */,
			);
			path = managers;
			sourceTree = "<group>";
		};
		84A2265C2877EF5E001F3881 /* home */ = {
			isa = PBXGroup;
			children = (
				843AEF2428768D1F007039DB /* view */,
				843AEF2328768D17007039DB /* controller */,
				843AEF2228768D0F007039DB /* viewModel */,
			);
			path = home;
			sourceTree = "<group>";
		};
		84A2267C287E5410001F3881 /* auth */ = {
			isa = PBXGroup;
			children = (
				84A2267D287E541C001F3881 /* signUp */,
				843AEF1D28768C35007039DB /* login */,
			);
			path = auth;
			sourceTree = "<group>";
		};
		84A2267D287E541C001F3881 /* signUp */ = {
			isa = PBXGroup;
			children = (
				84A22680287E5449001F3881 /* viewModel */,
				84A2267F287E5440001F3881 /* controller */,
				84A2267E287E542D001F3881 /* view */,
			);
			path = signUp;
			sourceTree = "<group>";
		};
		84A2267E287E542D001F3881 /* view */ = {
			isa = PBXGroup;
			children = (
			);
			path = view;
			sourceTree = "<group>";
		};
		84A2267F287E5440001F3881 /* controller */ = {
			isa = PBXGroup;
			children = (
				84A22681287E5470001F3881 /* SignUpView.xib */,
				84A22683287E5656001F3881 /* SignUpViewController.swift */,
			);
			path = controller;
			sourceTree = "<group>";
		};
		84A22680287E5449001F3881 /* viewModel */ = {
			isa = PBXGroup;
			children = (
			);
			path = viewModel;
			sourceTree = "<group>";
		};
		84C3708F288A550A00B930E5 /* userPostList */ = {
			isa = PBXGroup;
			children = (
				84C37092288A55FA00B930E5 /* view */,
				84C37091288A55DC00B930E5 /* controller */,
				84C37090288A55CF00B930E5 /* viewModel */,
			);
			path = userPostList;
			sourceTree = "<group>";
		};
		84C37090288A55CF00B930E5 /* viewModel */ = {
			isa = PBXGroup;
			children = (
				84C370AD288F521D00B930E5 /* UserPostsViewModel.swift */,
			);
			path = viewModel;
			sourceTree = "<group>";
		};
		84C37091288A55DC00B930E5 /* controller */ = {
			isa = PBXGroup;
			children = (
				84C37093288A586800B930E5 /* UserPostsViewController.swift */,
				84C37094288A586800B930E5 /* UserPostsViewController.xib */,
			);
			path = controller;
			sourceTree = "<group>";
		};
		84C37092288A55FA00B930E5 /* view */ = {
			isa = PBXGroup;
			children = (
			);
			path = view;
			sourceTree = "<group>";
		};
		84C370B0289014A500B930E5 /* searchFriends */ = {
			isa = PBXGroup;
			children = (
				84C370BD2890B44D00B930E5 /* viewModel */,
				84C370B2289014C700B930E5 /* controller */,
			);
			path = searchFriends;
			sourceTree = "<group>";
		};
		84C370B1289014BA00B930E5 /* userFriends */ = {
			isa = PBXGroup;
			children = (
				84C370D228977DE300B930E5 /* viewModel */,
				849E44632880F44E0052E7A3 /* controller */,
			);
			path = userFriends;
			sourceTree = "<group>";
		};
		84C370B2289014C700B930E5 /* controller */ = {
			isa = PBXGroup;
			children = (
				84C370BE2890B4B300B930E5 /* SearchFriendsViewController.swift */,
				84C370BF2890B4B300B930E5 /* SearchFriendsViewController.xib */,
			);
			path = controller;
			sourceTree = "<group>";
		};
		84C370B32890158400B930E5 /* userListViewCell */ = {
			isa = PBXGroup;
			children = (
				84C370B4289015C100B930E5 /* UserListTableViewCell.swift */,
				84C370B5289015C100B930E5 /* UserListTableViewCell.xib */,
			);
			path = userListViewCell;
			sourceTree = "<group>";
		};
		84C370BD2890B44D00B930E5 /* viewModel */ = {
			isa = PBXGroup;
			children = (
				84C370C22890B68D00B930E5 /* SearchFriendsViewModel.swift */,
			);
			path = viewModel;
			sourceTree = "<group>";
		};
		84C370C42890EC5200B930E5 /* userProfile */ = {
			isa = PBXGroup;
			children = (
				84C370C52890EC8300B930E5 /* publicProfile */,
			);
			path = userProfile;
			sourceTree = "<group>";
		};
		84C370C52890EC8300B930E5 /* publicProfile */ = {
			isa = PBXGroup;
			children = (
				84C370C72890ECB800B930E5 /* controller */,
				84C370C62890ECA600B930E5 /* viewModel */,
			);
			path = publicProfile;
			sourceTree = "<group>";
		};
		84C370C62890ECA600B930E5 /* viewModel */ = {
			isa = PBXGroup;
			children = (
				84C370CC2890ED5200B930E5 /* PublicProfileViewModel.swift */,
			);
			path = viewModel;
			sourceTree = "<group>";
		};
		84C370C72890ECB800B930E5 /* controller */ = {
			isa = PBXGroup;
			children = (
				84C370C82890ECF400B930E5 /* PublicProfileViewController.swift */,
				84C370C92890ECF400B930E5 /* PublicProfileViewController.xib */,
			);
			path = controller;
			sourceTree = "<group>";
		};
		84C370D228977DE300B930E5 /* viewModel */ = {
			isa = PBXGroup;
			children = (
				84C370D328977E0F00B930E5 /* FriendsViewModel.swift */,
			);
			path = viewModel;
			sourceTree = "<group>";
		};
		84D00E3F288654BC00B0CA9B /* postDetail */ = {
			isa = PBXGroup;
			children = (
				84D00E422886567D00B0CA9B /* viewModel */,
				84D00E412886566700B0CA9B /* controller */,
				84D00E402886561700B0CA9B /* view */,
			);
			path = postDetail;
			sourceTree = "<group>";
		};
		84D00E402886561700B0CA9B /* view */ = {
			isa = PBXGroup;
			children = (
			);
			path = view;
			sourceTree = "<group>";
		};
		84D00E412886566700B0CA9B /* controller */ = {
			isa = PBXGroup;
			children = (
				84D00E4328865A9A00B0CA9B /* PostDetailViewController.swift */,
				84D00E4428865A9A00B0CA9B /* PostDetailViewController.xib */,
				84D00E4C2888293100B0CA9B /* DeviceImageViewController.swift */,
			);
			path = controller;
			sourceTree = "<group>";
		};
		84D00E422886567D00B0CA9B /* viewModel */ = {
			isa = PBXGroup;
			children = (
				84D00E4A2887645B00B0CA9B /* PostDetailViewModel.swift */,
			);
			path = viewModel;
			sourceTree = "<group>";
		};
		84D00E472887588A00B0CA9B /* helpers */ = {
			isa = PBXGroup;
			children = (
				849E443A287E6AD80052E7A3 /* ErrorHandler.swift */,
				84D00E48288758B400B0CA9B /* CategoriesEnum.swift */,
				84C370CE289735DC00B930E5 /* FriendRequestStatus.swift */,
			);
			path = helpers;
			sourceTree = "<group>";
		};
/* End PBXGroup section */

/* Begin PBXNativeTarget section */
		841C82BA286C9A5500E4E710 /* social_network */ = {
			isa = PBXNativeTarget;
			buildConfigurationList = 841C82D2286C9A5700E4E710 /* Build configuration list for PBXNativeTarget "social_network" */;
			buildPhases = (
				9E31881E70A4FB76ABD8285E /* [CP] Check Pods Manifest.lock */,
				841C82B7286C9A5500E4E710 /* Sources */,
				841C82B8286C9A5500E4E710 /* Frameworks */,
				841C82B9286C9A5500E4E710 /* Resources */,
				E7FB17C6D068446920C17F68 /* [CP] Embed Pods Frameworks */,
			);
			buildRules = (
			);
			dependencies = (
			);
			name = social_network;
			packageProductDependencies = (
				84D00E372885A6EC00B0CA9B /* FirebaseAuth */,
				84D00E392885A6EC00B0CA9B /* FirebaseFirestoreSwift */,
				84D00E3B2885A6EC00B0CA9B /* FirebaseStorage */,
			);
			productName = social_network;
			productReference = 841C82BB286C9A5500E4E710 /* social_network.app */;
			productType = "com.apple.product-type.application";
		};
/* End PBXNativeTarget section */

/* Begin PBXProject section */
		841C82B3286C9A5500E4E710 /* Project object */ = {
			isa = PBXProject;
			attributes = {
				BuildIndependentTargetsInParallel = 1;
				LastSwiftUpdateCheck = 1310;
				LastUpgradeCheck = 1310;
				TargetAttributes = {
					841C82BA286C9A5500E4E710 = {
						CreatedOnToolsVersion = 13.1;
					};
				};
			};
			buildConfigurationList = 841C82B6286C9A5500E4E710 /* Build configuration list for PBXProject "social_network" */;
			compatibilityVersion = "Xcode 13.0";
			developmentRegion = en;
			hasScannedForEncodings = 0;
			knownRegions = (
				en,
				Base,
			);
			mainGroup = 841C82B2286C9A5500E4E710;
			packageReferences = (
				84D00E362885A6EC00B0CA9B /* XCRemoteSwiftPackageReference "firebase-ios-sdk" */,
			);
			productRefGroup = 841C82BC286C9A5500E4E710 /* Products */;
			projectDirPath = "";
			projectRoot = "";
			targets = (
				841C82BA286C9A5500E4E710 /* social_network */,
			);
		};
/* End PBXProject section */

/* Begin PBXResourcesBuildPhase section */
		841C82B9286C9A5500E4E710 /* Resources */ = {
			isa = PBXResourcesBuildPhase;
			buildActionMask = 2147483647;
			files = (
				849E44552880D3010052E7A3 /* Main.storyboard in Resources */,
				84D00E4628865A9A00B0CA9B /* PostDetailViewController.xib in Resources */,
				841C82CE286C9A5700E4E710 /* LaunchScreen.storyboard in Resources */,
				849E447C2881089B0052E7A3 /* PostTableViewCell.xib in Resources */,
				849E446C2880F4840052E7A3 /* ChatViewController.xib in Resources */,
				841C82DD286CDF0D00E4E710 /* GoogleService-Info.plist in Resources */,
				841C82CB286C9A5700E4E710 /* Assets.xcassets in Resources */,
				84C37096288A586800B930E5 /* UserPostsViewController.xib in Resources */,
				84C370B7289015C100B930E5 /* UserListTableViewCell.xib in Resources */,
				849E44672880F4690052E7A3 /* FriendsViewController.xib in Resources */,
				849E445D2880E9F20052E7A3 /* LoginViewController.xib in Resources */,
				849E44612880F4050052E7A3 /* HomeViewController.xib in Resources */,
				84A22682287E5470001F3881 /* SignUpView.xib in Resources */,
				84C370C12890B4B300B930E5 /* SearchFriendsViewController.xib in Resources */,
				849E44742880F4D80052E7A3 /* FaqsViewController.xib in Resources */,
				84C370CB2890ECF400B930E5 /* PublicProfileViewController.xib in Resources */,
			);
			runOnlyForDeploymentPostprocessing = 0;
		};
/* End PBXResourcesBuildPhase section */

/* Begin PBXShellScriptBuildPhase section */
		9E31881E70A4FB76ABD8285E /* [CP] Check Pods Manifest.lock */ = {
			isa = PBXShellScriptBuildPhase;
			buildActionMask = 2147483647;
			files = (
			);
			inputFileListPaths = (
			);
			inputPaths = (
				"${PODS_PODFILE_DIR_PATH}/Podfile.lock",
				"${PODS_ROOT}/Manifest.lock",
			);
			name = "[CP] Check Pods Manifest.lock";
			outputFileListPaths = (
			);
			outputPaths = (
				"$(DERIVED_FILE_DIR)/Pods-social_network-checkManifestLockResult.txt",
			);
			runOnlyForDeploymentPostprocessing = 0;
			shellPath = /bin/sh;
			shellScript = "diff \"${PODS_PODFILE_DIR_PATH}/Podfile.lock\" \"${PODS_ROOT}/Manifest.lock\" > /dev/null\nif [ $? != 0 ] ; then\n    # print error to STDERR\n    echo \"error: The sandbox is not in sync with the Podfile.lock. Run 'pod install' or update your CocoaPods installation.\" >&2\n    exit 1\nfi\n# This output is used by Xcode 'outputs' to avoid re-running this script phase.\necho \"SUCCESS\" > \"${SCRIPT_OUTPUT_FILE_0}\"\n";
			showEnvVarsInLog = 0;
		};
		E7FB17C6D068446920C17F68 /* [CP] Embed Pods Frameworks */ = {
			isa = PBXShellScriptBuildPhase;
			buildActionMask = 2147483647;
			files = (
			);
			inputFileListPaths = (
				"${PODS_ROOT}/Target Support Files/Pods-social_network/Pods-social_network-frameworks-${CONFIGURATION}-input-files.xcfilelist",
			);
			name = "[CP] Embed Pods Frameworks";
			outputFileListPaths = (
				"${PODS_ROOT}/Target Support Files/Pods-social_network/Pods-social_network-frameworks-${CONFIGURATION}-output-files.xcfilelist",
			);
			runOnlyForDeploymentPostprocessing = 0;
			shellPath = /bin/sh;
			shellScript = "\"${PODS_ROOT}/Target Support Files/Pods-social_network/Pods-social_network-frameworks.sh\"\n";
			showEnvVarsInLog = 0;
		};
/* End PBXShellScriptBuildPhase section */

/* Begin PBXSourcesBuildPhase section */
		841C82B7286C9A5500E4E710 /* Sources */ = {
			isa = PBXSourcesBuildPhase;
			buildActionMask = 2147483647;
			files = (
				841C8318286D5BB100E4E710 /* FirebaseManager.swift in Sources */,
				849E44732880F4D80052E7A3 /* FaqsViewController.swift in Sources */,
				84C370CD2890ED5200B930E5 /* PublicProfileViewModel.swift in Sources */,
				849E448128811F5F0052E7A3 /* HomeViewModel.swift in Sources */,
				84D00E4D2888293100B0CA9B /* DeviceImageViewController.swift in Sources */,
				84D00E4B2887645B00B0CA9B /* PostDetailViewModel.swift in Sources */,
				849E447F288114130052E7A3 /* ImageManager.swift in Sources */,
				84D00E3E28864DF400B0CA9B /* DateExtension.swift in Sources */,
				841C82BF286C9A5500E4E710 /* AppDelegate.swift in Sources */,
				84C370D12897375900B930E5 /* FriendRequest.swift in Sources */,
				841C82C1286C9A5500E4E710 /* SceneDelegate.swift in Sources */,
				849E4443287EF4610052E7A3 /* Post.swift in Sources */,
				849E44602880F4050052E7A3 /* HomeViewController.swift in Sources */,
				84C370AE288F521D00B930E5 /* UserPostsViewModel.swift in Sources */,
				84C370D428977E0F00B930E5 /* FriendsViewModel.swift in Sources */,
				84C370CF289735DC00B930E5 /* FriendRequestStatus.swift in Sources */,
				84A22668287B8AFE001F3881 /* FirebaseAuthManager.swift in Sources */,
				849E443B287E6AD80052E7A3 /* ErrorHandler.swift in Sources */,
				849E4477288103AC0052E7A3 /* FloatingActionButton.swift in Sources */,
				84D00E4528865A9A00B0CA9B /* PostDetailViewController.swift in Sources */,
				849E445C2880E9F20052E7A3 /* LoginViewController.swift in Sources */,
				84C370C02890B4B300B930E5 /* SearchFriendsViewController.swift in Sources */,
				84C37095288A586800B930E5 /* UserPostsViewController.swift in Sources */,
				841C8317286D5BB100E4E710 /* EncodableExtension.swift in Sources */,
				84C370B6289015C100B930E5 /* UserListTableViewCell.swift in Sources */,
				84A2267B287E4738001F3881 /* LoginViewModel.swift in Sources */,
				84A2266A287B934F001F3881 /* ErrorEnum.swift in Sources */,
				84D00E49288758B400B0CA9B /* CategoriesEnum.swift in Sources */,
				849E447B2881089B0052E7A3 /* PostTableViewCell.swift in Sources */,
				84A22684287E5656001F3881 /* SignUpViewController.swift in Sources */,
				849E44662880F4690052E7A3 /* FriendsViewController.swift in Sources */,
				84C370C32890B68D00B930E5 /* SearchFriendsViewModel.swift in Sources */,
				841C82C9286C9A5500E4E710 /* social_network.xcdatamodeld in Sources */,
				841C831B286D5BB100E4E710 /* BaseModel.swift in Sources */,
				841C831A286D5BB100E4E710 /* User.swift in Sources */,
				84C370CA2890ECF400B930E5 /* PublicProfileViewController.swift in Sources */,
				84A2266C287BA955001F3881 /* FirebaseUserManager.swift in Sources */,
				849E446B2880F4840052E7A3 /* ChatViewController.swift in Sources */,
			);
			runOnlyForDeploymentPostprocessing = 0;
		};
/* End PBXSourcesBuildPhase section */

/* Begin PBXVariantGroup section */
		841C82CC286C9A5700E4E710 /* LaunchScreen.storyboard */ = {
			isa = PBXVariantGroup;
			children = (
				841C82CD286C9A5700E4E710 /* Base */,
			);
			name = LaunchScreen.storyboard;
			sourceTree = "<group>";
		};
/* End PBXVariantGroup section */

/* Begin XCBuildConfiguration section */
		841C82D0286C9A5700E4E710 /* Debug */ = {
			isa = XCBuildConfiguration;
			buildSettings = {
				ALWAYS_SEARCH_USER_PATHS = NO;
				CLANG_ANALYZER_NONNULL = YES;
				CLANG_ANALYZER_NUMBER_OBJECT_CONVERSION = YES_AGGRESSIVE;
				CLANG_CXX_LANGUAGE_STANDARD = "gnu++17";
				CLANG_CXX_LIBRARY = "libc++";
				CLANG_ENABLE_MODULES = YES;
				CLANG_ENABLE_OBJC_ARC = YES;
				CLANG_ENABLE_OBJC_WEAK = YES;
				CLANG_WARN_BLOCK_CAPTURE_AUTORELEASING = YES;
				CLANG_WARN_BOOL_CONVERSION = YES;
				CLANG_WARN_COMMA = YES;
				CLANG_WARN_CONSTANT_CONVERSION = YES;
				CLANG_WARN_DEPRECATED_OBJC_IMPLEMENTATIONS = YES;
				CLANG_WARN_DIRECT_OBJC_ISA_USAGE = YES_ERROR;
				CLANG_WARN_DOCUMENTATION_COMMENTS = YES;
				CLANG_WARN_EMPTY_BODY = YES;
				CLANG_WARN_ENUM_CONVERSION = YES;
				CLANG_WARN_INFINITE_RECURSION = YES;
				CLANG_WARN_INT_CONVERSION = YES;
				CLANG_WARN_NON_LITERAL_NULL_CONVERSION = YES;
				CLANG_WARN_OBJC_IMPLICIT_RETAIN_SELF = YES;
				CLANG_WARN_OBJC_LITERAL_CONVERSION = YES;
				CLANG_WARN_OBJC_ROOT_CLASS = YES_ERROR;
				CLANG_WARN_QUOTED_INCLUDE_IN_FRAMEWORK_HEADER = YES;
				CLANG_WARN_RANGE_LOOP_ANALYSIS = YES;
				CLANG_WARN_STRICT_PROTOTYPES = YES;
				CLANG_WARN_SUSPICIOUS_MOVE = YES;
				CLANG_WARN_UNGUARDED_AVAILABILITY = YES_AGGRESSIVE;
				CLANG_WARN_UNREACHABLE_CODE = YES;
				CLANG_WARN__DUPLICATE_METHOD_MATCH = YES;
				COPY_PHASE_STRIP = NO;
				DEBUG_INFORMATION_FORMAT = dwarf;
				ENABLE_STRICT_OBJC_MSGSEND = YES;
				ENABLE_TESTABILITY = YES;
				GCC_C_LANGUAGE_STANDARD = gnu11;
				GCC_DYNAMIC_NO_PIC = NO;
				GCC_NO_COMMON_BLOCKS = YES;
				GCC_OPTIMIZATION_LEVEL = 0;
				GCC_PREPROCESSOR_DEFINITIONS = (
					"DEBUG=1",
					"$(inherited)",
				);
				GCC_WARN_64_TO_32_BIT_CONVERSION = YES;
				GCC_WARN_ABOUT_RETURN_TYPE = YES_ERROR;
				GCC_WARN_UNDECLARED_SELECTOR = YES;
				GCC_WARN_UNINITIALIZED_AUTOS = YES_AGGRESSIVE;
				GCC_WARN_UNUSED_FUNCTION = YES;
				GCC_WARN_UNUSED_VARIABLE = YES;
				IPHONEOS_DEPLOYMENT_TARGET = 15.0;
				MTL_ENABLE_DEBUG_INFO = INCLUDE_SOURCE;
				MTL_FAST_MATH = YES;
				ONLY_ACTIVE_ARCH = YES;
				SDKROOT = iphoneos;
				SWIFT_ACTIVE_COMPILATION_CONDITIONS = DEBUG;
				SWIFT_OPTIMIZATION_LEVEL = "-Onone";
			};
			name = Debug;
		};
		841C82D1286C9A5700E4E710 /* Release */ = {
			isa = XCBuildConfiguration;
			buildSettings = {
				ALWAYS_SEARCH_USER_PATHS = NO;
				CLANG_ANALYZER_NONNULL = YES;
				CLANG_ANALYZER_NUMBER_OBJECT_CONVERSION = YES_AGGRESSIVE;
				CLANG_CXX_LANGUAGE_STANDARD = "gnu++17";
				CLANG_CXX_LIBRARY = "libc++";
				CLANG_ENABLE_MODULES = YES;
				CLANG_ENABLE_OBJC_ARC = YES;
				CLANG_ENABLE_OBJC_WEAK = YES;
				CLANG_WARN_BLOCK_CAPTURE_AUTORELEASING = YES;
				CLANG_WARN_BOOL_CONVERSION = YES;
				CLANG_WARN_COMMA = YES;
				CLANG_WARN_CONSTANT_CONVERSION = YES;
				CLANG_WARN_DEPRECATED_OBJC_IMPLEMENTATIONS = YES;
				CLANG_WARN_DIRECT_OBJC_ISA_USAGE = YES_ERROR;
				CLANG_WARN_DOCUMENTATION_COMMENTS = YES;
				CLANG_WARN_EMPTY_BODY = YES;
				CLANG_WARN_ENUM_CONVERSION = YES;
				CLANG_WARN_INFINITE_RECURSION = YES;
				CLANG_WARN_INT_CONVERSION = YES;
				CLANG_WARN_NON_LITERAL_NULL_CONVERSION = YES;
				CLANG_WARN_OBJC_IMPLICIT_RETAIN_SELF = YES;
				CLANG_WARN_OBJC_LITERAL_CONVERSION = YES;
				CLANG_WARN_OBJC_ROOT_CLASS = YES_ERROR;
				CLANG_WARN_QUOTED_INCLUDE_IN_FRAMEWORK_HEADER = YES;
				CLANG_WARN_RANGE_LOOP_ANALYSIS = YES;
				CLANG_WARN_STRICT_PROTOTYPES = YES;
				CLANG_WARN_SUSPICIOUS_MOVE = YES;
				CLANG_WARN_UNGUARDED_AVAILABILITY = YES_AGGRESSIVE;
				CLANG_WARN_UNREACHABLE_CODE = YES;
				CLANG_WARN__DUPLICATE_METHOD_MATCH = YES;
				COPY_PHASE_STRIP = NO;
				DEBUG_INFORMATION_FORMAT = "dwarf-with-dsym";
				ENABLE_NS_ASSERTIONS = NO;
				ENABLE_STRICT_OBJC_MSGSEND = YES;
				GCC_C_LANGUAGE_STANDARD = gnu11;
				GCC_NO_COMMON_BLOCKS = YES;
				GCC_WARN_64_TO_32_BIT_CONVERSION = YES;
				GCC_WARN_ABOUT_RETURN_TYPE = YES_ERROR;
				GCC_WARN_UNDECLARED_SELECTOR = YES;
				GCC_WARN_UNINITIALIZED_AUTOS = YES_AGGRESSIVE;
				GCC_WARN_UNUSED_FUNCTION = YES;
				GCC_WARN_UNUSED_VARIABLE = YES;
				IPHONEOS_DEPLOYMENT_TARGET = 15.0;
				MTL_ENABLE_DEBUG_INFO = NO;
				MTL_FAST_MATH = YES;
				SDKROOT = iphoneos;
				SWIFT_COMPILATION_MODE = wholemodule;
				SWIFT_OPTIMIZATION_LEVEL = "-O";
				VALIDATE_PRODUCT = YES;
			};
			name = Release;
		};
		841C82D3286C9A5700E4E710 /* Debug */ = {
			isa = XCBuildConfiguration;
			baseConfigurationReference = C279B81BB0750A177C4A61C9 /* Pods-social_network.debug.xcconfig */;
			buildSettings = {
				ASSETCATALOG_COMPILER_APPICON_NAME = AppIcon;
				ASSETCATALOG_COMPILER_GLOBAL_ACCENT_COLOR_NAME = AccentColor;
				CODE_SIGN_STYLE = Automatic;
				CURRENT_PROJECT_VERSION = 1;
				DEVELOPMENT_ASSET_PATHS = "";
				DEVELOPMENT_TEAM = MAQ973C7DT;
				GENERATE_INFOPLIST_FILE = YES;
				INFOPLIST_FILE = social_network/Info.plist;
				INFOPLIST_KEY_UIApplicationSupportsIndirectInputEvents = YES;
				INFOPLIST_KEY_UILaunchStoryboardName = LaunchScreen;
				INFOPLIST_KEY_UIMainStoryboardFile = Main;
				INFOPLIST_KEY_UISupportedInterfaceOrientations_iPad = "UIInterfaceOrientationPortrait UIInterfaceOrientationPortraitUpsideDown UIInterfaceOrientationLandscapeLeft UIInterfaceOrientationLandscapeRight";
				INFOPLIST_KEY_UISupportedInterfaceOrientations_iPhone = "UIInterfaceOrientationPortrait UIInterfaceOrientationLandscapeLeft UIInterfaceOrientationLandscapeRight";
				LD_RUNPATH_SEARCH_PATHS = (
					"$(inherited)",
					"@executable_path/Frameworks",
				);
				MARKETING_VERSION = 1.0;
				PRODUCT_BUNDLE_IDENTIFIER = "com.test.yawar.social-network";
				PRODUCT_NAME = "$(TARGET_NAME)";
				SWIFT_EMIT_LOC_STRINGS = YES;
				SWIFT_VERSION = 5.0;
				TARGETED_DEVICE_FAMILY = "1,2";
			};
			name = Debug;
		};
		841C82D4286C9A5700E4E710 /* Release */ = {
			isa = XCBuildConfiguration;
			baseConfigurationReference = 1DEB1B5403455118C1C71435 /* Pods-social_network.release.xcconfig */;
			buildSettings = {
				ASSETCATALOG_COMPILER_APPICON_NAME = AppIcon;
				ASSETCATALOG_COMPILER_GLOBAL_ACCENT_COLOR_NAME = AccentColor;
				CODE_SIGN_STYLE = Automatic;
				CURRENT_PROJECT_VERSION = 1;
				DEVELOPMENT_ASSET_PATHS = "";
				DEVELOPMENT_TEAM = MAQ973C7DT;
				GENERATE_INFOPLIST_FILE = YES;
				INFOPLIST_FILE = social_network/Info.plist;
				INFOPLIST_KEY_UIApplicationSupportsIndirectInputEvents = YES;
				INFOPLIST_KEY_UILaunchStoryboardName = LaunchScreen;
				INFOPLIST_KEY_UIMainStoryboardFile = Main;
				INFOPLIST_KEY_UISupportedInterfaceOrientations_iPad = "UIInterfaceOrientationPortrait UIInterfaceOrientationPortraitUpsideDown UIInterfaceOrientationLandscapeLeft UIInterfaceOrientationLandscapeRight";
				INFOPLIST_KEY_UISupportedInterfaceOrientations_iPhone = "UIInterfaceOrientationPortrait UIInterfaceOrientationLandscapeLeft UIInterfaceOrientationLandscapeRight";
				LD_RUNPATH_SEARCH_PATHS = (
					"$(inherited)",
					"@executable_path/Frameworks",
				);
				MARKETING_VERSION = 1.0;
				PRODUCT_BUNDLE_IDENTIFIER = "com.test.yawar.social-network";
				PRODUCT_NAME = "$(TARGET_NAME)";
				SWIFT_EMIT_LOC_STRINGS = YES;
				SWIFT_VERSION = 5.0;
				TARGETED_DEVICE_FAMILY = "1,2";
			};
			name = Release;
		};
/* End XCBuildConfiguration section */

/* Begin XCConfigurationList section */
		841C82B6286C9A5500E4E710 /* Build configuration list for PBXProject "social_network" */ = {
			isa = XCConfigurationList;
			buildConfigurations = (
				841C82D0286C9A5700E4E710 /* Debug */,
				841C82D1286C9A5700E4E710 /* Release */,
			);
			defaultConfigurationIsVisible = 0;
			defaultConfigurationName = Release;
		};
		841C82D2286C9A5700E4E710 /* Build configuration list for PBXNativeTarget "social_network" */ = {
			isa = XCConfigurationList;
			buildConfigurations = (
				841C82D3286C9A5700E4E710 /* Debug */,
				841C82D4286C9A5700E4E710 /* Release */,
			);
			defaultConfigurationIsVisible = 0;
			defaultConfigurationName = Release;
		};
/* End XCConfigurationList section */

/* Begin XCRemoteSwiftPackageReference section */
		84D00E362885A6EC00B0CA9B /* XCRemoteSwiftPackageReference "firebase-ios-sdk" */ = {
			isa = XCRemoteSwiftPackageReference;
			repositoryURL = "https://github.com/firebase/firebase-ios-sdk";
			requirement = {
				kind = upToNextMajorVersion;
				minimumVersion = 9.0.0;
			};
		};
/* End XCRemoteSwiftPackageReference section */

/* Begin XCSwiftPackageProductDependency section */
		84D00E372885A6EC00B0CA9B /* FirebaseAuth */ = {
			isa = XCSwiftPackageProductDependency;
			package = 84D00E362885A6EC00B0CA9B /* XCRemoteSwiftPackageReference "firebase-ios-sdk" */;
			productName = FirebaseAuth;
		};
		84D00E392885A6EC00B0CA9B /* FirebaseFirestoreSwift */ = {
			isa = XCSwiftPackageProductDependency;
			package = 84D00E362885A6EC00B0CA9B /* XCRemoteSwiftPackageReference "firebase-ios-sdk" */;
			productName = FirebaseFirestoreSwift;
		};
		84D00E3B2885A6EC00B0CA9B /* FirebaseStorage */ = {
			isa = XCSwiftPackageProductDependency;
			package = 84D00E362885A6EC00B0CA9B /* XCRemoteSwiftPackageReference "firebase-ios-sdk" */;
			productName = FirebaseStorage;
		};
/* End XCSwiftPackageProductDependency section */

/* Begin XCVersionGroup section */
		841C82C7286C9A5500E4E710 /* social_network.xcdatamodeld */ = {
			isa = XCVersionGroup;
			children = (
				841C82C8286C9A5500E4E710 /* social_network.xcdatamodel */,
			);
			currentVersion = 841C82C8286C9A5500E4E710 /* social_network.xcdatamodel */;
			path = social_network.xcdatamodeld;
			sourceTree = "<group>";
			versionGroupType = wrapper.xcdatamodel;
		};
/* End XCVersionGroup section */
	};
	rootObject = 841C82B3286C9A5500E4E710 /* Project object */;
}
